
Microsoft Visual Studio Solution File, Format Version 12.00
# Visual Studio Version 16
VisualStudioVersion = 16.0.28803.352
MinimumVisualStudioVersion = 10.0.40219.1
Project("{9A19103F-16F7-4668-BE54-9A1E7A4F7556}") = "EBuy.Web", "EBuy.Web\EBuy.Web.csproj", "{5C7E8B54-A92C-49DB-8933-9F8D4DF38978}"
EndProject
Project("{9A19103F-16F7-4668-BE54-9A1E7A4F7556}") = "EBuy.Data", "EBuy.Data\EBuy.Data.csproj", "{CE31F894-58AF-49E5-9131-86B8D4E62276}"
EndProject
Project("{9A19103F-16F7-4668-BE54-9A1E7A4F7556}") = "EBuy.Models", "EBuy.Models\EBuy.Models.csproj", "{884E84EF-E806-42E8-AA85-EB739CCFCCB0}"
EndProject
Project("{9A19103F-16F7-4668-BE54-9A1E7A4F7556}") = "EBuy.Services", "EBuy.Services\EBuy.Services.csproj", "{24A8279A-ACB5-4E0C-BEC4-582FC2E139C9}"
EndProject
Project("{FAE04EC0-301F-11D3-BF4B-00C04F79EFBC}") = "EBuy.Common", "EBuy.Common\EBuy.Common.csproj", "{82F822D2-B278-43E9-A304-9550863D3D23}"
EndProject
Global
	GlobalSection(SolutionConfigurationPlatforms) = preSolution
		Debug|Any CPU = Debug|Any CPU
		Release|Any CPU = Release|Any CPU
	EndGlobalSection
	GlobalSection(ProjectConfigurationPlatforms) = postSolution
		{5C7E8B54-A92C-49DB-8933-9F8D4DF38978}.Debug|Any CPU.ActiveCfg = Debug|Any CPU
		{5C7E8B54-A92C-49DB-8933-9F8D4DF38978}.Debug|Any CPU.Build.0 = Debug|Any CPU
		{5C7E8B54-A92C-49DB-8933-9F8D4DF38978}.Release|Any CPU.ActiveCfg = Release|Any CPU
		{5C7E8B54-A92C-49DB-8933-9F8D4DF38978}.Release|Any CPU.Build.0 = Release|Any CPU
		{CE31F894-58AF-49E5-9131-86B8D4E62276}.Debug|Any CPU.ActiveCfg = Debug|Any CPU
		{CE31F894-58AF-49E5-9131-86B8D4E62276}.Debug|Any CPU.Build.0 = Debug|Any CPU
		{CE31F894-58AF-49E5-9131-86B8D4E62276}.Release|Any CPU.ActiveCfg = Release|Any CPU
		{CE31F894-58AF-49E5-9131-86B8D4E62276}.Release|Any CPU.Build.0 = Release|Any CPU
		{884E84EF-E806-42E8-AA85-EB739CCFCCB0}.Debug|Any CPU.ActiveCfg = Debug|Any CPU
		{884E84EF-E806-42E8-AA85-EB739CCFCCB0}.Debug|Any CPU.Build.0 = Debug|Any CPU
		{884E84EF-E806-42E8-AA85-EB739CCFCCB0}.Release|Any CPU.ActiveCfg = Release|Any CPU
		{884E84EF-E806-42E8-AA85-EB739CCFCCB0}.Release|Any CPU.Build.0 = Release|Any CPU
		{24A8279A-ACB5-4E0C-BEC4-582FC2E139C9}.Debug|Any CPU.ActiveCfg = Debug|Any CPU
		{24A8279A-ACB5-4E0C-BEC4-582FC2E139C9}.Debug|Any CPU.Build.0 = Debug|Any CPU
		{24A8279A-ACB5-4E0C-BEC4-582FC2E139C9}.Release|Any CPU.ActiveCfg = Release|Any CPU
		{24A8279A-ACB5-4E0C-BEC4-582FC2E139C9}.Release|Any CPU.Build.0 = Release|Any CPU
		{82F822D2-B278-43E9-A304-9550863D3D23}.Debug|Any CPU.ActiveCfg = Debug|Any CPU
		{82F822D2-B278-43E9-A304-9550863D3D23}.Debug|Any CPU.Build.0 = Debug|Any CPU
		{82F822D2-B278-43E9-A304-9550863D3D23}.Release|Any CPU.ActiveCfg = Release|Any CPU
		{82F822D2-B278-43E9-A304-9550863D3D23}.Release|Any CPU.Build.0 = Release|Any CPU
	EndGlobalSection
	GlobalSection(SolutionProperties) = preSolution
		HideSolutionNode = FALSE
	EndGlobalSection
	GlobalSection(ExtensibilityGlobals) = postSolution
		SolutionGuid = {3BCF960A-6362-4975-A2E6-5A1C7E264B3F}
	EndGlobalSection
EndGlobal
